
Microsoft Visual Studio Solution File, Format Version 12.00
# Visual Studio Version 17
VisualStudioVersion = 17.7.34202.233
MinimumVisualStudioVersion = 10.0.40219.1
Project("{888888A0-9F3D-457C-B088-3A5042F75D52}") = "PythonProje", "PythonProje.pyproj", "{17008095-EB9B-4E41-ABE5-0DC245BCF6D5}"
EndProject
Global
	GlobalSection(SolutionConfigurationPlatforms) = preSolution
		Debug|Any CPU = Debug|Any CPU
		Release|Any CPU = Release|Any CPU
	EndGlobalSection
	GlobalSection(ProjectConfigurationPlatforms) = postSolution
		{17008095-EB9B-4E41-ABE5-0DC245BCF6D5}.Debug|Any CPU.ActiveCfg = Debug|Any CPU
		{17008095-EB9B-4E41-ABE5-0DC245BCF6D5}.Release|Any CPU.ActiveCfg = Release|Any CPU
	EndGlobalSection
	GlobalSection(SolutionProperties) = preSolution
		HideSolutionNode = FALSE
	EndGlobalSection
	GlobalSection(ExtensibilityGlobals) = postSolution
		SolutionGuid = {A16BF8E7-389D-48E5-AC16-EABD170960EA}
	EndGlobalSection
EndGlobal
